
Microsoft Visual Studio Solution File, Format Version 12.00
# Visual Studio Version 17
VisualStudioVersion = 17.14.36623.8
MinimumVisualStudioVersion = 10.0.40219.1
Project("{FAE04EC0-301F-11D3-BF4B-00C04F79EFBC}") = "CleanCity", "CleanCity\CleanCity.csproj", "{8312EA02-7D9F-46FF-80CA-E7583E5CB347}"
EndProject
Project("{FAE04EC0-301F-11D3-BF4B-00C04F79EFBC}") = "CleanCity.Core", "CleanCity.Core\CleanCity.Core.csproj", "{F4489C72-4EEC-417E-80AB-B70E31A99ACF}"
EndProject
Project("{FAE04EC0-301F-11D3-BF4B-00C04F79EFBC}") = "CleanCity.Tests", "CleanCity.Tests\CleanCity.Tests.csproj", "{49B7759F-493F-4508-A0A2-0A72E8ACA6F3}"
EndProject
Global
	GlobalSection(SolutionConfigurationPlatforms) = preSolution
		Debug|Any CPU = Debug|Any CPU
		Debug|x64 = Debug|x64
		Debug|x86 = Debug|x86
		Release|Any CPU = Release|Any CPU
		Release|x64 = Release|x64
		Release|x86 = Release|x86
	EndGlobalSection
	GlobalSection(ProjectConfigurationPlatforms) = postSolution
		{8312EA02-7D9F-46FF-80CA-E7583E5CB347}.Debug|Any CPU.ActiveCfg = Debug|Any CPU
		{8312EA02-7D9F-46FF-80CA-E7583E5CB347}.Debug|Any CPU.Build.0 = Debug|Any CPU
		{8312EA02-7D9F-46FF-80CA-E7583E5CB347}.Debug|x64.ActiveCfg = Debug|Any CPU
		{8312EA02-7D9F-46FF-80CA-E7583E5CB347}.Debug|x64.Build.0 = Debug|Any CPU
		{8312EA02-7D9F-46FF-80CA-E7583E5CB347}.Debug|x86.ActiveCfg = Debug|Any CPU
		{8312EA02-7D9F-46FF-80CA-E7583E5CB347}.Debug|x86.Build.0 = Debug|Any CPU
		{8312EA02-7D9F-46FF-80CA-E7583E5CB347}.Release|Any CPU.ActiveCfg = Release|Any CPU
		{8312EA02-7D9F-46FF-80CA-E7583E5CB347}.Release|Any CPU.Build.0 = Release|Any CPU
		{8312EA02-7D9F-46FF-80CA-E7583E5CB347}.Release|x64.ActiveCfg = Release|Any CPU
		{8312EA02-7D9F-46FF-80CA-E7583E5CB347}.Release|x64.Build.0 = Release|Any CPU
		{8312EA02-7D9F-46FF-80CA-E7583E5CB347}.Release|x86.ActiveCfg = Release|Any CPU
		{8312EA02-7D9F-46FF-80CA-E7583E5CB347}.Release|x86.Build.0 = Release|Any CPU
		{F4489C72-4EEC-417E-80AB-B70E31A99ACF}.Debug|Any CPU.ActiveCfg = Debug|Any CPU
		{F4489C72-4EEC-417E-80AB-B70E31A99ACF}.Debug|Any CPU.Build.0 = Debug|Any CPU
		{F4489C72-4EEC-417E-80AB-B70E31A99ACF}.Debug|x64.ActiveCfg = Debug|Any CPU
		{F4489C72-4EEC-417E-80AB-B70E31A99ACF}.Debug|x64.Build.0 = Debug|Any CPU
		{F4489C72-4EEC-417E-80AB-B70E31A99ACF}.Debug|x86.ActiveCfg = Debug|Any CPU
		{F4489C72-4EEC-417E-80AB-B70E31A99ACF}.Debug|x86.Build.0 = Debug|Any CPU
		{F4489C72-4EEC-417E-80AB-B70E31A99ACF}.Release|Any CPU.ActiveCfg = Release|Any CPU
		{F4489C72-4EEC-417E-80AB-B70E31A99ACF}.Release|Any CPU.Build.0 = Release|Any CPU
		{F4489C72-4EEC-417E-80AB-B70E31A99ACF}.Release|x64.ActiveCfg = Release|Any CPU
		{F4489C72-4EEC-417E-80AB-B70E31A99ACF}.Release|x64.Build.0 = Release|Any CPU
		{F4489C72-4EEC-417E-80AB-B70E31A99ACF}.Release|x86.ActiveCfg = Release|Any CPU
		{F4489C72-4EEC-417E-80AB-B70E31A99ACF}.Release|x86.Build.0 = Release|Any CPU
		{49B7759F-493F-4508-A0A2-0A72E8ACA6F3}.Debug|Any CPU.ActiveCfg = Debug|Any CPU
		{49B7759F-493F-4508-A0A2-0A72E8ACA6F3}.Debug|Any CPU.Build.0 = Debug|Any CPU
		{49B7759F-493F-4508-A0A2-0A72E8ACA6F3}.Debug|x64.ActiveCfg = Debug|Any CPU
		{49B7759F-493F-4508-A0A2-0A72E8ACA6F3}.Debug|x64.Build.0 = Debug|Any CPU
		{49B7759F-493F-4508-A0A2-0A72E8ACA6F3}.Debug|x86.ActiveCfg = Debug|Any CPU
		{49B7759F-493F-4508-A0A2-0A72E8ACA6F3}.Debug|x86.Build.0 = Debug|Any CPU
		{49B7759F-493F-4508-A0A2-0A72E8ACA6F3}.Release|Any CPU.ActiveCfg = Release|Any CPU
		{49B7759F-493F-4508-A0A2-0A72E8ACA6F3}.Release|Any CPU.Build.0 = Release|Any CPU
		{49B7759F-493F-4508-A0A2-0A72E8ACA6F3}.Release|x64.ActiveCfg = Release|Any CPU
		{49B7759F-493F-4508-A0A2-0A72E8ACA6F3}.Release|x64.Build.0 = Release|Any CPU
		{49B7759F-493F-4508-A0A2-0A72E8ACA6F3}.Release|x86.ActiveCfg = Release|Any CPU
		{49B7759F-493F-4508-A0A2-0A72E8ACA6F3}.Release|x86.Build.0 = Release|Any CPU
	EndGlobalSection
	GlobalSection(SolutionProperties) = preSolution
		HideSolutionNode = FALSE
	EndGlobalSection
	GlobalSection(ExtensibilityGlobals) = postSolution
		SolutionGuid = {B9407773-3C5C-44B4-8E6D-A1C896F08BE1}
	EndGlobalSection
EndGlobal
